// !$*UTF8*$!
{
	archiveVersion = 1;
	classes = {
	};
	objectVersion = 46;
	objects = {

/* Begin PBXBuildFile section */
		8B3E1FC01EF3901900499E9B /* AppDelegate.swift in Sources */ = {isa = PBXBuildFile; fileRef = 8B3E1FBF1EF3901900499E9B /* AppDelegate.swift */; };
		8B3E1FC21EF3901900499E9B /* ViewController.swift in Sources */ = {isa = PBXBuildFile; fileRef = 8B3E1FC11EF3901900499E9B /* ViewController.swift */; };
		8B3E1FC51EF3901900499E9B /* Main.storyboard in Resources */ = {isa = PBXBuildFile; fileRef = 8B3E1FC31EF3901900499E9B /* Main.storyboard */; };
		8B3E1FC71EF3901900499E9B /* Assets.xcassets in Resources */ = {isa = PBXBuildFile; fileRef = 8B3E1FC61EF3901900499E9B /* Assets.xcassets */; };
		8B3E1FCA1EF3901900499E9B /* LaunchScreen.storyboard in Resources */ = {isa = PBXBuildFile; fileRef = 8B3E1FC81EF3901900499E9B /* LaunchScreen.storyboard */; };
		8B3E1FD51EF3901900499E9B /* Coffee_CalculatorTests.swift in Sources */ = {isa = PBXBuildFile; fileRef = 8B3E1FD41EF3901900499E9B /* Coffee_CalculatorTests.swift */; };
		8B3E1FE01EF3901900499E9B /* Coffee_CalculatorUITests.swift in Sources */ = {isa = PBXBuildFile; fileRef = 8B3E1FDF1EF3901900499E9B /* Coffee_CalculatorUITests.swift */; };
/* End PBXBuildFile section */

/* Begin PBXContainerItemProxy section */
		8B3E1FD11EF3901900499E9B /* PBXContainerItemProxy */ = {
			isa = PBXContainerItemProxy;
			containerPortal = 8B3E1FB41EF3901900499E9B /* Project object */;
			proxyType = 1;
			remoteGlobalIDString = 8B3E1FBB1EF3901900499E9B;
			remoteInfo = "Coffee Calculator";
		};
		8B3E1FDC1EF3901900499E9B /* PBXContainerItemProxy */ = {
			isa = PBXContainerItemProxy;
			containerPortal = 8B3E1FB41EF3901900499E9B /* Project object */;
			proxyType = 1;
			remoteGlobalIDString = 8B3E1FBB1EF3901900499E9B;
			remoteInfo = "Coffee Calculator";
		};
/* End PBXContainerItemProxy section */

/* Begin PBXFileReference section */
		8B3E1FBC1EF3901900499E9B /* Coffee Calculator.app */ = {isa = PBXFileReference; explicitFileType = wrapper.application; includeInIndex = 0; path = "Coffee Calculator.app"; sourceTree = BUILT_PRODUCTS_DIR; };
		8B3E1FBF1EF3901900499E9B /* AppDelegate.swift */ = {isa = PBXFileReference; lastKnownFileType = sourcecode.swift; path = AppDelegate.swift; sourceTree = "<group>"; };
		8B3E1FC11EF3901900499E9B /* ViewController.swift */ = {isa = PBXFileReference; lastKnownFileType = sourcecode.swift; path = ViewController.swift; sourceTree = "<group>"; };
		8B3E1FC41EF3901900499E9B /* Base */ = {isa = PBXFileReference; lastKnownFileType = file.storyboard; name = Base; path = Base.lproj/Main.storyboard; sourceTree = "<group>"; };
		8B3E1FC61EF3901900499E9B /* Assets.xcassets */ = {isa = PBXFileReference; lastKnownFileType = folder.assetcatalog; path = Assets.xcassets; sourceTree = "<group>"; };
		8B3E1FC91EF3901900499E9B /* Base */ = {isa = PBXFileReference; lastKnownFileType = file.storyboard; name = Base; path = Base.lproj/LaunchScreen.storyboard; sourceTree = "<group>"; };
		8B3E1FCB1EF3901900499E9B /* Info.plist */ = {isa = PBXFileReference; lastKnownFileType = text.plist.xml; path = Info.plist; sourceTree = "<group>"; };
		8B3E1FD01EF3901900499E9B /* Coffee CalculatorTests.xctest */ = {isa = PBXFileReference; explicitFileType = wrapper.cfbundle; includeInIndex = 0; path = "Coffee CalculatorTests.xctest"; sourceTree = BUILT_PRODUCTS_DIR; };
		8B3E1FD41EF3901900499E9B /* Coffee_CalculatorTests.swift */ = {isa = PBXFileReference; lastKnownFileType = sourcecode.swift; path = Coffee_CalculatorTests.swift; sourceTree = "<group>"; };
		8B3E1FD61EF3901900499E9B /* Info.plist */ = {isa = PBXFileReference; lastKnownFileType = text.plist.xml; path = Info.plist; sourceTree = "<group>"; };
		8B3E1FDB1EF3901900499E9B /* Coffee CalculatorUITests.xctest */ = {isa = PBXFileReference; explicitFileType = wrapper.cfbundle; includeInIndex = 0; path = "Coffee CalculatorUITests.xctest"; sourceTree = BUILT_PRODUCTS_DIR; };
		8B3E1FDF1EF3901900499E9B /* Coffee_CalculatorUITests.swift */ = {isa = PBXFileReference; lastKnownFileType = sourcecode.swift; path = Coffee_CalculatorUITests.swift; sourceTree = "<group>"; };
		8B3E1FE11EF3901900499E9B /* Info.plist */ = {isa = PBXFileReference; lastKnownFileType = text.plist.xml; path = Info.plist; sourceTree = "<group>"; };
/* End PBXFileReference section */

/* Begin PBXFrameworksBuildPhase section */
		8B3E1FB91EF3901900499E9B /* Frameworks */ = {
			isa = PBXFrameworksBuildPhase;
			buildActionMask = 2147483647;
			files = (
			);
			runOnlyForDeploymentPostprocessing = 0;
		};
		8B3E1FCD1EF3901900499E9B /* Frameworks */ = {
			isa = PBXFrameworksBuildPhase;
			buildActionMask = 2147483647;
			files = (
			);
			runOnlyForDeploymentPostprocessing = 0;
		};
		8B3E1FD81EF3901900499E9B /* Frameworks */ = {
			isa = PBXFrameworksBuildPhase;
			buildActionMask = 2147483647;
			files = (
			);
			runOnlyForDeploymentPostprocessing = 0;
		};
/* End PBXFrameworksBuildPhase section */

/* Begin PBXGroup section */
		8B3E1FB31EF3901900499E9B = {
			isa = PBXGroup;
			children = (
				8B3E1FBE1EF3901900499E9B /* Coffee Calculator */,
				8B3E1FD31EF3901900499E9B /* Coffee CalculatorTests */,
				8B3E1FDE1EF3901900499E9B /* Coffee CalculatorUITests */,
				8B3E1FBD1EF3901900499E9B /* Products */,
			);
			sourceTree = "<group>";
		};
		8B3E1FBD1EF3901900499E9B /* Products */ = {
			isa = PBXGroup;
			children = (
				8B3E1FBC1EF3901900499E9B /* Coffee Calculator.app */,
				8B3E1FD01EF3901900499E9B /* Coffee CalculatorTests.xctest */,
				8B3E1FDB1EF3901900499E9B /* Coffee CalculatorUITests.xctest */,
			);
			name = Products;
			sourceTree = "<group>";
		};
		8B3E1FBE1EF3901900499E9B /* Coffee Calculator */ = {
			isa = PBXGroup;
			children = (
				8B3E1FBF1EF3901900499E9B /* AppDelegate.swift */,
				8B3E1FC11EF3901900499E9B /* ViewController.swift */,
				8B3E1FC31EF3901900499E9B /* Main.storyboard */,
				8B3E1FC61EF3901900499E9B /* Assets.xcassets */,
				8B3E1FC81EF3901900499E9B /* LaunchScreen.storyboard */,
				8B3E1FCB1EF3901900499E9B /* Info.plist */,
			);
			path = "Coffee Calculator";
			sourceTree = "<group>";
		};
		8B3E1FD31EF3901900499E9B /* Coffee CalculatorTests */ = {
			isa = PBXGroup;
			children = (
				8B3E1FD41EF3901900499E9B /* Coffee_CalculatorTests.swift */,
				8B3E1FD61EF3901900499E9B /* Info.plist */,
			);
			path = "Coffee CalculatorTests";
			sourceTree = "<group>";
		};
		8B3E1FDE1EF3901900499E9B /* Coffee CalculatorUITests */ = {
			isa = PBXGroup;
			children = (
				8B3E1FDF1EF3901900499E9B /* Coffee_CalculatorUITests.swift */,
				8B3E1FE11EF3901900499E9B /* Info.plist */,
			);
			path = "Coffee CalculatorUITests";
			sourceTree = "<group>";
		};
/* End PBXGroup section */

/* Begin PBXNativeTarget section */
		8B3E1FBB1EF3901900499E9B /* Coffee Calculator */ = {
			isa = PBXNativeTarget;
			buildConfigurationList = 8B3E1FE41EF3901900499E9B /* Build configuration list for PBXNativeTarget "Coffee Calculator" */;
			buildPhases = (
				8B3E1FB81EF3901900499E9B /* Sources */,
				8B3E1FB91EF3901900499E9B /* Frameworks */,
				8B3E1FBA1EF3901900499E9B /* Resources */,
			);
			buildRules = (
			);
			dependencies = (
			);
			name = "Coffee Calculator";
			productName = "Coffee Calculator";
			productReference = 8B3E1FBC1EF3901900499E9B /* Coffee Calculator.app */;
			productType = "com.apple.product-type.application";
		};
		8B3E1FCF1EF3901900499E9B /* Coffee CalculatorTests */ = {
			isa = PBXNativeTarget;
			buildConfigurationList = 8B3E1FE71EF3901900499E9B /* Build configuration list for PBXNativeTarget "Coffee CalculatorTests" */;
			buildPhases = (
				8B3E1FCC1EF3901900499E9B /* Sources */,
				8B3E1FCD1EF3901900499E9B /* Frameworks */,
				8B3E1FCE1EF3901900499E9B /* Resources */,
			);
			buildRules = (
			);
			dependencies = (
				8B3E1FD21EF3901900499E9B /* PBXTargetDependency */,
			);
			name = "Coffee CalculatorTests";
			productName = "Coffee CalculatorTests";
			productReference = 8B3E1FD01EF3901900499E9B /* Coffee CalculatorTests.xctest */;
			productType = "com.apple.product-type.bundle.unit-test";
		};
		8B3E1FDA1EF3901900499E9B /* Coffee CalculatorUITests */ = {
			isa = PBXNativeTarget;
			buildConfigurationList = 8B3E1FEA1EF3901900499E9B /* Build configuration list for PBXNativeTarget "Coffee CalculatorUITests" */;
			buildPhases = (
				8B3E1FD71EF3901900499E9B /* Sources */,
				8B3E1FD81EF3901900499E9B /* Frameworks */,
				8B3E1FD91EF3901900499E9B /* Resources */,
			);
			buildRules = (
			);
			dependencies = (
				8B3E1FDD1EF3901900499E9B /* PBXTargetDependency */,
			);
			name = "Coffee CalculatorUITests";
			productName = "Coffee CalculatorUITests";
			productReference = 8B3E1FDB1EF3901900499E9B /* Coffee CalculatorUITests.xctest */;
			productType = "com.apple.product-type.bundle.ui-testing";
		};
/* End PBXNativeTarget section */

/* Begin PBXProject section */
		8B3E1FB41EF3901900499E9B /* Project object */ = {
			isa = PBXProject;
			attributes = {
				LastSwiftUpdateCheck = 0830;
				LastUpgradeCheck = 0830;
				ORGANIZATIONNAME = "Apt 5 Inc.";
				TargetAttributes = {
					8B3E1FBB1EF3901900499E9B = {
						CreatedOnToolsVersion = 8.3.3;
						DevelopmentTeam = D4WMHCYG9E;
						ProvisioningStyle = Automatic;
					};
					8B3E1FCF1EF3901900499E9B = {
						CreatedOnToolsVersion = 8.3.3;
						DevelopmentTeam = D4WMHCYG9E;
						ProvisioningStyle = Automatic;
						TestTargetID = 8B3E1FBB1EF3901900499E9B;
					};
					8B3E1FDA1EF3901900499E9B = {
						CreatedOnToolsVersion = 8.3.3;
						DevelopmentTeam = D4WMHCYG9E;
						ProvisioningStyle = Automatic;
						TestTargetID = 8B3E1FBB1EF3901900499E9B;
					};
				};
			};
			buildConfigurationList = 8B3E1FB71EF3901900499E9B /* Build configuration list for PBXProject "Coffee Calculator" */;
			compatibilityVersion = "Xcode 3.2";
			developmentRegion = English;
			hasScannedForEncodings = 0;
			knownRegions = (
				en,
				Base,
			);
			mainGroup = 8B3E1FB31EF3901900499E9B;
			productRefGroup = 8B3E1FBD1EF3901900499E9B /* Products */;
			projectDirPath = "";
			projectRoot = "";
			targets = (
				8B3E1FBB1EF3901900499E9B /* Coffee Calculator */,
				8B3E1FCF1EF3901900499E9B /* Coffee CalculatorTests */,
				8B3E1FDA1EF3901900499E9B /* Coffee CalculatorUITests */,
			);
		};
/* End PBXProject section */

/* Begin PBXResourcesBuildPhase section */
		8B3E1FBA1EF3901900499E9B /* Resources */ = {
			isa = PBXResourcesBuildPhase;
			buildActionMask = 2147483647;
			files = (
				8B3E1FCA1EF3901900499E9B /* LaunchScreen.storyboard in Resources */,
				8B3E1FC71EF3901900499E9B /* Assets.xcassets in Resources */,
				8B3E1FC51EF3901900499E9B /* Main.storyboard in Resources */,
			);
			runOnlyForDeploymentPostprocessing = 0;
		};
		8B3E1FCE1EF3901900499E9B /* Resources */ = {
			isa = PBXResourcesBuildPhase;
			buildActionMask = 2147483647;
			files = (
			);
			runOnlyForDeploymentPostprocessing = 0;
		};
		8B3E1FD91EF3901900499E9B /* Resources */ = {
			isa = PBXResourcesBuildPhase;
			buildActionMask = 2147483647;
			files = (
			);
			runOnlyForDeploymentPostprocessing = 0;
		};
/* End PBXResourcesBuildPhase section */

/* Begin PBXSourcesBuildPhase section */
		8B3E1FB81EF3901900499E9B /* Sources */ = {
			isa = PBXSourcesBuildPhase;
			buildActionMask = 2147483647;
			files = (
				8B3E1FC21EF3901900499E9B /* ViewController.swift in Sources */,
				8B3E1FC01EF3901900499E9B /* AppDelegate.swift in Sources */,
			);
			runOnlyForDeploymentPostprocessing = 0;
		};
		8B3E1FCC1EF3901900499E9B /* Sources */ = {
			isa = PBXSourcesBuildPhase;
			buildActionMask = 2147483647;
			files = (
				8B3E1FD51EF3901900499E9B /* Coffee_CalculatorTests.swift in Sources */,
			);
			runOnlyForDeploymentPostprocessing = 0;
		};
		8B3E1FD71EF3901900499E9B /* Sources */ = {
			isa = PBXSourcesBuildPhase;
			buildActionMask = 2147483647;
			files = (
				8B3E1FE01EF3901900499E9B /* Coffee_CalculatorUITests.swift in Sources */,
			);
			runOnlyForDeploymentPostprocessing = 0;
		};
/* End PBXSourcesBuildPhase section */

/* Begin PBXTargetDependency section */
		8B3E1FD21EF3901900499E9B /* PBXTargetDependency */ = {
			isa = PBXTargetDependency;
			target = 8B3E1FBB1EF3901900499E9B /* Coffee Calculator */;
			targetProxy = 8B3E1FD11EF3901900499E9B /* PBXContainerItemProxy */;
		};
		8B3E1FDD1EF3901900499E9B /* PBXTargetDependency */ = {
			isa = PBXTargetDependency;
			target = 8B3E1FBB1EF3901900499E9B /* Coffee Calculator */;
			targetProxy = 8B3E1FDC1EF3901900499E9B /* PBXContainerItemProxy */;
		};
/* End PBXTargetDependency section */

/* Begin PBXVariantGroup section */
		8B3E1FC31EF3901900499E9B /* Main.storyboard */ = {
			isa = PBXVariantGroup;
			children = (
				8B3E1FC41EF3901900499E9B /* Base */,
			);
			name = Main.storyboard;
			sourceTree = "<group>";
		};
		8B3E1FC81EF3901900499E9B /* LaunchScreen.storyboard */ = {
			isa = PBXVariantGroup;
			children = (
				8B3E1FC91EF3901900499E9B /* Base */,
			);
			name = LaunchScreen.storyboard;
			sourceTree = "<group>";
		};
/* End PBXVariantGroup section */

/* Begin XCBuildConfiguration section */
		8B3E1FE21EF3901900499E9B /* Debug */ = {
			isa = XCBuildConfiguration;
			buildSettings = {
				ALWAYS_SEARCH_USER_PATHS = NO;
				CLANG_ANALYZER_NONNULL = YES;
				CLANG_ANALYZER_NUMBER_OBJECT_CONVERSION = YES_AGGRESSIVE;
				CLANG_CXX_LANGUAGE_STANDARD = "gnu++0x";
				CLANG_CXX_LIBRARY = "libc++";
				CLANG_ENABLE_MODULES = YES;
				CLANG_ENABLE_OBJC_ARC = YES;
				CLANG_WARN_BOOL_CONVERSION = YES;
				CLANG_WARN_CONSTANT_CONVERSION = YES;
				CLANG_WARN_DIRECT_OBJC_ISA_USAGE = YES_ERROR;
				CLANG_WARN_DOCUMENTATION_COMMENTS = YES;
				CLANG_WARN_EMPTY_BODY = YES;
				CLANG_WARN_ENUM_CONVERSION = YES;
				CLANG_WARN_INFINITE_RECURSION = YES;
				CLANG_WARN_INT_CONVERSION = YES;
				CLANG_WARN_OBJC_ROOT_CLASS = YES_ERROR;
				CLANG_WARN_SUSPICIOUS_MOVE = YES;
				CLANG_WARN_UNREACHABLE_CODE = YES;
				CLANG_WARN__DUPLICATE_METHOD_MATCH = YES;
				"CODE_SIGN_IDENTITY[sdk=iphoneos*]" = "iPhone Developer";
				COPY_PHASE_STRIP = NO;
				DEBUG_INFORMATION_FORMAT = dwarf;
				ENABLE_STRICT_OBJC_MSGSEND = YES;
				ENABLE_TESTABILITY = YES;
				GCC_C_LANGUAGE_STANDARD = gnu99;
				GCC_DYNAMIC_NO_PIC = NO;
				GCC_NO_COMMON_BLOCKS = YES;
				GCC_OPTIMIZATION_LEVEL = 0;
				GCC_PREPROCESSOR_DEFINITIONS = (
					"DEBUG=1",
					"$(inherited)",
				);
				GCC_WARN_64_TO_32_BIT_CONVERSION = YES;
				GCC_WARN_ABOUT_RETURN_TYPE = YES_ERROR;
				GCC_WARN_UNDECLARED_SELECTOR = YES;
				GCC_WARN_UNINITIALIZED_AUTOS = YES_AGGRESSIVE;
				GCC_WARN_UNUSED_FUNCTION = YES;
				GCC_WARN_UNUSED_VARIABLE = YES;
				IPHONEOS_DEPLOYMENT_TARGET = 10.3;
				MTL_ENABLE_DEBUG_INFO = YES;
				ONLY_ACTIVE_ARCH = YES;
				SDKROOT = iphoneos;
				SWIFT_ACTIVE_COMPILATION_CONDITIONS = DEBUG;
				SWIFT_OPTIMIZATION_LEVEL = "-Onone";
				TARGETED_DEVICE_FAMILY = "1,2";
			};
			name = Debug;
		};
		8B3E1FE31EF3901900499E9B /* Release */ = {
			isa = XCBuildConfiguration;
			buildSettings = {
				ALWAYS_SEARCH_USER_PATHS = NO;
				CLANG_ANALYZER_NONNULL = YES;
				CLANG_ANALYZER_NUMBER_OBJECT_CONVERSION = YES_AGGRESSIVE;
				CLANG_CXX_LANGUAGE_STANDARD = "gnu++0x";
				CLANG_CXX_LIBRARY = "libc++";
				CLANG_ENABLE_MODULES = YES;
				CLANG_ENABLE_OBJC_ARC = YES;
				CLANG_WARN_BOOL_CONVERSION = YES;
				CLANG_WARN_CONSTANT_CONVERSION = YES;
				CLANG_WARN_DIRECT_OBJC_ISA_USAGE = YES_ERROR;
				CLANG_WARN_DOCUMENTATION_COMMENTS = YES;
				CLANG_WARN_EMPTY_BODY = YES;
				CLANG_WARN_ENUM_CONVERSION = YES;
				CLANG_WARN_INFINITE_RECURSION = YES;
				CLANG_WARN_INT_CONVERSION = YES;
				CLANG_WARN_OBJC_ROOT_CLASS = YES_ERROR;
				CLANG_WARN_SUSPICIOUS_MOVE = YES;
				CLANG_WARN_UNREACHABLE_CODE = YES;
				CLANG_WARN__DUPLICATE_METHOD_MATCH = YES;
				"CODE_SIGN_IDENTITY[sdk=iphoneos*]" = "iPhone Developer";
				COPY_PHASE_STRIP = NO;
				DEBUG_INFORMATION_FORMAT = "dwarf-with-dsym";
				ENABLE_NS_ASSERTIONS = NO;
				ENABLE_STRICT_OBJC_MSGSEND = YES;
				GCC_C_LANGUAGE_STANDARD = gnu99;
				GCC_NO_COMMON_BLOCKS = YES;
				GCC_WARN_64_TO_32_BIT_CONVERSION = YES;
				GCC_WARN_ABOUT_RETURN_TYPE = YES_ERROR;
				GCC_WARN_UNDECLARED_SELECTOR = YES;
				GCC_WARN_UNINITIALIZED_AUTOS = YES_AGGRESSIVE;
				GCC_WARN_UNUSED_FUNCTION = YES;
				GCC_WARN_UNUSED_VARIABLE = YES;
				IPHONEOS_DEPLOYMENT_TARGET = 10.3;
				MTL_ENABLE_DEBUG_INFO = NO;
				SDKROOT = iphoneos;
				SWIFT_OPTIMIZATION_LEVEL = "-Owholemodule";
				TARGETED_DEVICE_FAMILY = "1,2";
				VALIDATE_PRODUCT = YES;
			};
			name = Release;
		};
		8B3E1FE51EF3901900499E9B /* Debug */ = {
			isa = XCBuildConfiguration;
			buildSettings = {
				ASSETCATALOG_COMPILER_APPICON_NAME = AppIcon;
				DEVELOPMENT_TEAM = D4WMHCYG9E;
				INFOPLIST_FILE = "Coffee Calculator/Info.plist";
				LD_RUNPATH_SEARCH_PATHS = "$(inherited) @executable_path/Frameworks";
				PRODUCT_BUNDLE_IDENTIFIER = "Apt-5-Inc.Coffee-Calculator";
				PRODUCT_NAME = "$(TARGET_NAME)";
				SWIFT_VERSION = 3.0;
			};
			name = Debug;
		};
		8B3E1FE61EF3901900499E9B /* Release */ = {
			isa = XCBuildConfiguration;
			buildSettings = {
				ASSETCATALOG_COMPILER_APPICON_NAME = AppIcon;
				DEVELOPMENT_TEAM = D4WMHCYG9E;
				INFOPLIST_FILE = "Coffee Calculator/Info.plist";
				LD_RUNPATH_SEARCH_PATHS = "$(inherited) @executable_path/Frameworks";
				PRODUCT_BUNDLE_IDENTIFIER = "Apt-5-Inc.Coffee-Calculator";
				PRODUCT_NAME = "$(TARGET_NAME)";
				SWIFT_VERSION = 3.0;
			};
			name = Release;
		};
		8B3E1FE81EF3901900499E9B /* Debug */ = {
			isa = XCBuildConfiguration;
			buildSettings = {
				ALWAYS_EMBED_SWIFT_STANDARD_LIBRARIES = YES;
				BUNDLE_LOADER = "$(TEST_HOST)";
				DEVELOPMENT_TEAM = D4WMHCYG9E;
				INFOPLIST_FILE = "Coffee CalculatorTests/Info.plist";
				LD_RUNPATH_SEARCH_PATHS = "$(inherited) @executable_path/Frameworks @loader_path/Frameworks";
				PRODUCT_BUNDLE_IDENTIFIER = "Apt-5-Inc.Coffee-CalculatorTests";
				PRODUCT_NAME = "$(TARGET_NAME)";
				SWIFT_VERSION = 3.0;
				TEST_HOST = "$(BUILT_PRODUCTS_DIR)/Coffee Calculator.app/Coffee Calculator";
			};
			name = Debug;
		};
		8B3E1FE91EF3901900499E9B /* Release */ = {
			isa = XCBuildConfiguration;
			buildSettings = {
				ALWAYS_EMBED_SWIFT_STANDARD_LIBRARIES = YES;
				BUNDLE_LOADER = "$(TEST_HOST)";
				DEVELOPMENT_TEAM = D4WMHCYG9E;
				INFOPLIST_FILE = "Coffee CalculatorTests/Info.plist";
				LD_RUNPATH_SEARCH_PATHS = "$(inherited) @executable_path/Frameworks @loader_path/Frameworks";
				PRODUCT_BUNDLE_IDENTIFIER = "Apt-5-Inc.Coffee-CalculatorTests";
				PRODUCT_NAME = "$(TARGET_NAME)";
				SWIFT_VERSION = 3.0;
				TEST_HOST = "$(BUILT_PRODUCTS_DIR)/Coffee Calculator.app/Coffee Calculator";
			};
			name = Release;
		};
		8B3E1FEB1EF3901900499E9B /* Debug */ = {
			isa = XCBuildConfiguration;
			buildSettings = {
				ALWAYS_EMBED_SWIFT_STANDARD_LIBRARIES = YES;
				DEVELOPMENT_TEAM = D4WMHCYG9E;
				INFOPLIST_FILE = "Coffee CalculatorUITests/Info.plist";
				LD_RUNPATH_SEARCH_PATHS = "$(inherited) @executable_path/Frameworks @loader_path/Frameworks";
				PRODUCT_BUNDLE_IDENTIFIER = "Apt-5-Inc.Coffee-CalculatorUITests";
				PRODUCT_NAME = "$(TARGET_NAME)";
				SWIFT_VERSION = 3.0;
				TEST_TARGET_NAME = "Coffee Calculator";
			};
			name = Debug;
		};
		8B3E1FEC1EF3901900499E9B /* Release */ = {
			isa = XCBuildConfiguration;
			buildSettings = {
				ALWAYS_EMBED_SWIFT_STANDARD_LIBRARIES = YES;
				DEVELOPMENT_TEAM = D4WMHCYG9E;
				INFOPLIST_FILE = "Coffee CalculatorUITests/Info.plist";
				LD_RUNPATH_SEARCH_PATHS = "$(inherited) @executable_path/Frameworks @loader_path/Frameworks";
				PRODUCT_BUNDLE_IDENTIFIER = "Apt-5-Inc.Coffee-CalculatorUITests";
				PRODUCT_NAME = "$(TARGET_NAME)";
				SWIFT_VERSION = 3.0;
				TEST_TARGET_NAME = "Coffee Calculator";
			};
			name = Release;
		};
/* End XCBuildConfiguration section */

/* Begin XCConfigurationList section */
		8B3E1FB71EF3901900499E9B /* Build configuration list for PBXProject "Coffee Calculator" */ = {
			isa = XCConfigurationList;
			buildConfigurations = (
				8B3E1FE21EF3901900499E9B /* Debug */,
				8B3E1FE31EF3901900499E9B /* Release */,
			);
			defaultConfigurationIsVisible = 0;
			defaultConfigurationName = Release;
		};
		8B3E1FE41EF3901900499E9B /* Build configuration list for PBXNativeTarget "Coffee Calculator" */ = {
			isa = XCConfigurationList;
			buildConfigurations = (
				8B3E1FE51EF3901900499E9B /* Debug */,
				8B3E1FE61EF3901900499E9B /* Release */,
			);
			defaultConfigurationIsVisible = 0;
		};
		8B3E1FE71EF3901900499E9B /* Build configuration list for PBXNativeTarget "Coffee CalculatorTests" */ = {
			isa = XCConfigurationList;
			buildConfigurations = (
				8B3E1FE81EF3901900499E9B /* Debug */,
				8B3E1FE91EF3901900499E9B /* Release */,
			);
			defaultConfigurationIsVisible = 0;
		};
		8B3E1FEA1EF3901900499E9B /* Build configuration list for PBXNativeTarget "Coffee CalculatorUITests" */ = {
			isa = XCConfigurationList;
			buildConfigurations = (
				8B3E1FEB1EF3901900499E9B /* Debug */,
				8B3E1FEC1EF3901900499E9B /* Release */,
			);
			defaultConfigurationIsVisible = 0;
		};
/* End XCConfigurationList section */
	};
	rootObject = 8B3E1FB41EF3901900499E9B /* Project object */;
}
